
Microsoft Visual Studio Solution File, Format Version 12.00
# Visual Studio Version 16
VisualStudioVersion = 16.0.30011.22
MinimumVisualStudioVersion = 10.0.40219.1
Project("{9A19103F-16F7-4668-BE54-9A1E7A4F7556}") = "SignalR", "SignalR\SignalR.csproj", "{F98A935E-78FE-4482-92DA-62D7A4FFA901}"
EndProject
Global
	GlobalSection(SolutionConfigurationPlatforms) = preSolution
		Debug|Any CPU = Debug|Any CPU
		Release|Any CPU = Release|Any CPU
	EndGlobalSection
	GlobalSection(ProjectConfigurationPlatforms) = postSolution
		{F98A935E-78FE-4482-92DA-62D7A4FFA901}.Debug|Any CPU.ActiveCfg = Debug|Any CPU
		{F98A935E-78FE-4482-92DA-62D7A4FFA901}.Debug|Any CPU.Build.0 = Debug|Any CPU
		{F98A935E-78FE-4482-92DA-62D7A4FFA901}.Release|Any CPU.ActiveCfg = Release|Any CPU
		{F98A935E-78FE-4482-92DA-62D7A4FFA901}.Release|Any CPU.Build.0 = Release|Any CPU
	EndGlobalSection
	GlobalSection(SolutionProperties) = preSolution
		HideSolutionNode = FALSE
	EndGlobalSection
	GlobalSection(ExtensibilityGlobals) = postSolution
		SolutionGuid = {6A6059D3-5B02-4128-9A81-2AC75CD5D064}
	EndGlobalSection
EndGlobal
